// !$*UTF8*$!
{
	archiveVersion = 1;
	classes = {
	};
	objectVersion = 46;
	objects = {

/* Begin PBXBuildFile section */
		13EB1FCA1EA5EC2C000728EC /* AppDelegate.swift in Sources */ = {isa = PBXBuildFile; fileRef = 13EB1FC91EA5EC2C000728EC /* AppDelegate.swift */; };
		13EB1FCC1EA5EC2C000728EC /* ViewController.swift in Sources */ = {isa = PBXBuildFile; fileRef = 13EB1FCB1EA5EC2C000728EC /* ViewController.swift */; };
		13EB1FCF1EA5EC2D000728EC /* Main.storyboard in Resources */ = {isa = PBXBuildFile; fileRef = 13EB1FCD1EA5EC2D000728EC /* Main.storyboard */; };
		13EB1FD11EA5EC2D000728EC /* Assets.xcassets in Resources */ = {isa = PBXBuildFile; fileRef = 13EB1FD01EA5EC2D000728EC /* Assets.xcassets */; };
		13EB1FD41EA5EC2D000728EC /* LaunchScreen.storyboard in Resources */ = {isa = PBXBuildFile; fileRef = 13EB1FD21EA5EC2D000728EC /* LaunchScreen.storyboard */; };
		13EB1FDD1EA5EC4B000728EC /* CoreImage.framework in Frameworks */ = {isa = PBXBuildFile; fileRef = 13EB1FDC1EA5EC4B000728EC /* CoreImage.framework */; };
/* End PBXBuildFile section */

/* Begin PBXFileReference section */
		13EB1FC61EA5EC2C000728EC /* CoreImageDemo.app */ = {isa = PBXFileReference; explicitFileType = wrapper.application; includeInIndex = 0; path = CoreImageDemo.app; sourceTree = BUILT_PRODUCTS_DIR; };
		13EB1FC91EA5EC2C000728EC /* AppDelegate.swift */ = {isa = PBXFileReference; lastKnownFileType = sourcecode.swift; path = AppDelegate.swift; sourceTree = "<group>"; };
		13EB1FCB1EA5EC2C000728EC /* ViewController.swift */ = {isa = PBXFileReference; lastKnownFileType = sourcecode.swift; path = ViewController.swift; sourceTree = "<group>"; };
		13EB1FCE1EA5EC2D000728EC /* Base */ = {isa = PBXFileReference; lastKnownFileType = file.storyboard; name = Base; path = Base.lproj/Main.storyboard; sourceTree = "<group>"; };
		13EB1FD01EA5EC2D000728EC /* Assets.xcassets */ = {isa = PBXFileReference; lastKnownFileType = folder.assetcatalog; path = Assets.xcassets; sourceTree = "<group>"; };
		13EB1FD31EA5EC2D000728EC /* Base */ = {isa = PBXFileReference; lastKnownFileType = file.storyboard; name = Base; path = Base.lproj/LaunchScreen.storyboard; sourceTree = "<group>"; };
		13EB1FD51EA5EC2D000728EC /* Info.plist */ = {isa = PBXFileReference; lastKnownFileType = text.plist.xml; path = Info.plist; sourceTree = "<group>"; };
		13EB1FDC1EA5EC4B000728EC /* CoreImage.framework */ = {isa = PBXFileReference; lastKnownFileType = wrapper.framework; name = CoreImage.framework; path = System/Library/Frameworks/CoreImage.framework; sourceTree = SDKROOT; };
/* End PBXFileReference section */

/* Begin PBXFrameworksBuildPhase section */
		13EB1FC31EA5EC2C000728EC /* Frameworks */ = {
			isa = PBXFrameworksBuildPhase;
			buildActionMask = 2147483647;
			files = (
				13EB1FDD1EA5EC4B000728EC /* CoreImage.framework in Frameworks */,
			);
			runOnlyForDeploymentPostprocessing = 0;
		};
/* End PBXFrameworksBuildPhase section */

/* Begin PBXGroup section */
		13EB1FBD1EA5EC2C000728EC = {
			isa = PBXGroup;
			children = (
				13EB1FC81EA5EC2C000728EC /* CoreImageDemo */,
				13EB1FC71EA5EC2C000728EC /* Products */,
				13EB1FDB1EA5EC4B000728EC /* Frameworks */,
			);
			sourceTree = "<group>";
		};
		13EB1FC71EA5EC2C000728EC /* Products */ = {
			isa = PBXGroup;
			children = (
				13EB1FC61EA5EC2C000728EC /* CoreImageDemo.app */,
			);
			name = Products;
			sourceTree = "<group>";
		};
		13EB1FC81EA5EC2C000728EC /* CoreImageDemo */ = {
			isa = PBXGroup;
			children = (
				13EB1FC91EA5EC2C000728EC /* AppDelegate.swift */,
				13EB1FCB1EA5EC2C000728EC /* ViewController.swift */,
				13EB1FCD1EA5EC2D000728EC /* Main.storyboard */,
				13EB1FD01EA5EC2D000728EC /* Assets.xcassets */,
				13EB1FD21EA5EC2D000728EC /* LaunchScreen.storyboard */,
				13EB1FD51EA5EC2D000728EC /* Info.plist */,
			);
			path = CoreImageDemo;
			sourceTree = "<group>";
		};
		13EB1FDB1EA5EC4B000728EC /* Frameworks */ = {
			isa = PBXGroup;
			children = (
				13EB1FDC1EA5EC4B000728EC /* CoreImage.framework */,
			);
			name = Frameworks;
			sourceTree = "<group>";
		};
/* End PBXGroup section */

/* Begin PBXNativeTarget section */
		13EB1FC51EA5EC2C000728EC /* CoreImageDemo */ = {
			isa = PBXNativeTarget;
			buildConfigurationList = 13EB1FD81EA5EC2D000728EC /* Build configuration list for PBXNativeTarget "CoreImageDemo" */;
			buildPhases = (
				13EB1FC21EA5EC2C000728EC /* Sources */,
				13EB1FC31EA5EC2C000728EC /* Frameworks */,
				13EB1FC41EA5EC2C000728EC /* Resources */,
			);
			buildRules = (
			);
			dependencies = (
			);
			name = CoreImageDemo;
			productName = CoreImageDemo;
			productReference = 13EB1FC61EA5EC2C000728EC /* CoreImageDemo.app */;
			productType = "com.apple.product-type.application";
		};
/* End PBXNativeTarget section */

/* Begin PBXProject section */
		13EB1FBE1EA5EC2C000728EC /* Project object */ = {
			isa = PBXProject;
			attributes = {
				LastSwiftUpdateCheck = 0830;
				LastUpgradeCheck = 0830;
				ORGANIZATIONNAME = "Vikash Kumar";
				TargetAttributes = {
					13EB1FC51EA5EC2C000728EC = {
						CreatedOnToolsVersion = 8.3.1;
						DevelopmentTeam = RF7N2574KF;
						ProvisioningStyle = Automatic;
					};
				};
			};
			buildConfigurationList = 13EB1FC11EA5EC2C000728EC /* Build configuration list for PBXProject "CoreImageDemo" */;
			compatibilityVersion = "Xcode 3.2";
			developmentRegion = English;
			hasScannedForEncodings = 0;
			knownRegions = (
				en,
				Base,
			);
			mainGroup = 13EB1FBD1EA5EC2C000728EC;
			productRefGroup = 13EB1FC71EA5EC2C000728EC /* Products */;
			projectDirPath = "";
			projectRoot = "";
			targets = (
				13EB1FC51EA5EC2C000728EC /* CoreImageDemo */,
			);
		};
/* End PBXProject section */

/* Begin PBXResourcesBuildPhase section */
		13EB1FC41EA5EC2C000728EC /* Resources */ = {
			isa = PBXResourcesBuildPhase;
			buildActionMask = 2147483647;
			files = (
				13EB1FD41EA5EC2D000728EC /* LaunchScreen.storyboard in Resources */,
				13EB1FD11EA5EC2D000728EC /* Assets.xcassets in Resources */,
				13EB1FCF1EA5EC2D000728EC /* Main.storyboard in Resources */,
			);
			runOnlyForDeploymentPostprocessing = 0;
		};
/* End PBXResourcesBuildPhase section */

/* Begin PBXSourcesBuildPhase section */
		13EB1FC21EA5EC2C000728EC /* Sources */ = {
			isa = PBXSourcesBuildPhase;
			buildActionMask = 2147483647;
			files = (
				13EB1FCC1EA5EC2C000728EC /* ViewController.swift in Sources */,
				13EB1FCA1EA5EC2C000728EC /* AppDelegate.swift in Sources */,
			);
			runOnlyForDeploymentPostprocessing = 0;
		};
/* End PBXSourcesBuildPhase section */

/* Begin PBXVariantGroup section */
		13EB1FCD1EA5EC2D000728EC /* Main.storyboard */ = {
			isa = PBXVariantGroup;
			children = (
				13EB1FCE1EA5EC2D000728EC /* Base */,
			);
			name = Main.storyboard;
			sourceTree = "<group>";
		};
		13EB1FD21EA5EC2D000728EC /* LaunchScreen.storyboard */ = {
			isa = PBXVariantGroup;
			children = (
				13EB1FD31EA5EC2D000728EC /* Base */,
			);
			name = LaunchScreen.storyboard;
			sourceTree = "<group>";
		};
/* End PBXVariantGroup section */

/* Begin XCBuildConfiguration section */
		13EB1FD61EA5EC2D000728EC /* Debug */ = {
			isa = XCBuildConfiguration;
			buildSettings = {
				ALWAYS_SEARCH_USER_PATHS = NO;
				CLANG_ANALYZER_NONNULL = YES;
				CLANG_ANALYZER_NUMBER_OBJECT_CONVERSION = YES_AGGRESSIVE;
				CLANG_CXX_LANGUAGE_STANDARD = "gnu++0x";
				CLANG_CXX_LIBRARY = "libc++";
				CLANG_ENABLE_MODULES = YES;
				CLANG_ENABLE_OBJC_ARC = YES;
				CLANG_WARN_BOOL_CONVERSION = YES;
				CLANG_WARN_CONSTANT_CONVERSION = YES;
				CLANG_WARN_DIRECT_OBJC_ISA_USAGE = YES_ERROR;
				CLANG_WARN_DOCUMENTATION_COMMENTS = YES;
				CLANG_WARN_EMPTY_BODY = YES;
				CLANG_WARN_ENUM_CONVERSION = YES;
				CLANG_WARN_INFINITE_RECURSION = YES;
				CLANG_WARN_INT_CONVERSION = YES;
				CLANG_WARN_OBJC_ROOT_CLASS = YES_ERROR;
				CLANG_WARN_SUSPICIOUS_MOVE = YES;
				CLANG_WARN_UNREACHABLE_CODE = YES;
				CLANG_WARN__DUPLICATE_METHOD_MATCH = YES;
				"CODE_SIGN_IDENTITY[sdk=iphoneos*]" = "iPhone Developer";
				COPY_PHASE_STRIP = NO;
				DEBUG_INFORMATION_FORMAT = dwarf;
				ENABLE_STRICT_OBJC_MSGSEND = YES;
				ENABLE_TESTABILITY = YES;
				GCC_C_LANGUAGE_STANDARD = gnu99;
				GCC_DYNAMIC_NO_PIC = NO;
				GCC_NO_COMMON_BLOCKS = YES;
				GCC_OPTIMIZATION_LEVEL = 0;
				GCC_PREPROCESSOR_DEFINITIONS = (
					"DEBUG=1",
					"$(inherited)",
				);
				GCC_WARN_64_TO_32_BIT_CONVERSION = YES;
				GCC_WARN_ABOUT_RETURN_TYPE = YES_ERROR;
				GCC_WARN_UNDECLARED_SELECTOR = YES;
				GCC_WARN_UNINITIALIZED_AUTOS = YES_AGGRESSIVE;
				GCC_WARN_UNUSED_FUNCTION = YES;
				GCC_WARN_UNUSED_VARIABLE = YES;
				IPHONEOS_DEPLOYMENT_TARGET = 10.3;
				MTL_ENABLE_DEBUG_INFO = YES;
				ONLY_ACTIVE_ARCH = YES;
				SDKROOT = iphoneos;
				SWIFT_ACTIVE_COMPILATION_CONDITIONS = DEBUG;
				SWIFT_OPTIMIZATION_LEVEL = "-Onone";
			};
			name = Debug;
		};
		13EB1FD71EA5EC2D000728EC /* Release */ = {
			isa = XCBuildConfiguration;
			buildSettings = {
				ALWAYS_SEARCH_USER_PATHS = NO;
				CLANG_ANALYZER_NONNULL = YES;
				CLANG_ANALYZER_NUMBER_OBJECT_CONVERSION = YES_AGGRESSIVE;
				CLANG_CXX_LANGUAGE_STANDARD = "gnu++0x";
				CLANG_CXX_LIBRARY = "libc++";
				CLANG_ENABLE_MODULES = YES;
				CLANG_ENABLE_OBJC_ARC = YES;
				CLANG_WARN_BOOL_CONVERSION = YES;
				CLANG_WARN_CONSTANT_CONVERSION = YES;
				CLANG_WARN_DIRECT_OBJC_ISA_USAGE = YES_ERROR;
				CLANG_WARN_DOCUMENTATION_COMMENTS = YES;
				CLANG_WARN_EMPTY_BODY = YES;
				CLANG_WARN_ENUM_CONVERSION = YES;
				CLANG_WARN_INFINITE_RECURSION = YES;
				CLANG_WARN_INT_CONVERSION = YES;
				CLANG_WARN_OBJC_ROOT_CLASS = YES_ERROR;
				CLANG_WARN_SUSPICIOUS_MOVE = YES;
				CLANG_WARN_UNREACHABLE_CODE = YES;
				CLANG_WARN__DUPLICATE_METHOD_MATCH = YES;
				"CODE_SIGN_IDENTITY[sdk=iphoneos*]" = "iPhone Developer";
				COPY_PHASE_STRIP = NO;
				DEBUG_INFORMATION_FORMAT = "dwarf-with-dsym";
				ENABLE_NS_ASSERTIONS = NO;
				ENABLE_STRICT_OBJC_MSGSEND = YES;
				GCC_C_LANGUAGE_STANDARD = gnu99;
				GCC_NO_COMMON_BLOCKS = YES;
				GCC_WARN_64_TO_32_BIT_CONVERSION = YES;
				GCC_WARN_ABOUT_RETURN_TYPE = YES_ERROR;
				GCC_WARN_UNDECLARED_SELECTOR = YES;
				GCC_WARN_UNINITIALIZED_AUTOS = YES_AGGRESSIVE;
				GCC_WARN_UNUSED_FUNCTION = YES;
				GCC_WARN_UNUSED_VARIABLE = YES;
				IPHONEOS_DEPLOYMENT_TARGET = 10.3;
				MTL_ENABLE_DEBUG_INFO = NO;
				SDKROOT = iphoneos;
				SWIFT_OPTIMIZATION_LEVEL = "-Owholemodule";
				VALIDATE_PRODUCT = YES;
			};
			name = Release;
		};
		13EB1FD91EA5EC2D000728EC /* Debug */ = {
			isa = XCBuildConfiguration;
			buildSettings = {
				ASSETCATALOG_COMPILER_APPICON_NAME = AppIcon;
				DEVELOPMENT_TEAM = RF7N2574KF;
				INFOPLIST_FILE = CoreImageDemo/Info.plist;
				LD_RUNPATH_SEARCH_PATHS = "$(inherited) @executable_path/Frameworks";
				PRODUCT_BUNDLE_IDENTIFIER = smileIndia.CoreImageDemo;
				PRODUCT_NAME = "$(TARGET_NAME)";
				SWIFT_VERSION = 3.0;
			};
			name = Debug;
		};
		13EB1FDA1EA5EC2D000728EC /* Release */ = {
			isa = XCBuildConfiguration;
			buildSettings = {
				ASSETCATALOG_COMPILER_APPICON_NAME = AppIcon;
				DEVELOPMENT_TEAM = RF7N2574KF;
				INFOPLIST_FILE = CoreImageDemo/Info.plist;
				LD_RUNPATH_SEARCH_PATHS = "$(inherited) @executable_path/Frameworks";
				PRODUCT_BUNDLE_IDENTIFIER = smileIndia.CoreImageDemo;
				PRODUCT_NAME = "$(TARGET_NAME)";
				SWIFT_VERSION = 3.0;
			};
			name = Release;
		};
/* End XCBuildConfiguration section */

/* Begin XCConfigurationList section */
		13EB1FC11EA5EC2C000728EC /* Build configuration list for PBXProject "CoreImageDemo" */ = {
			isa = XCConfigurationList;
			buildConfigurations = (
				13EB1FD61EA5EC2D000728EC /* Debug */,
				13EB1FD71EA5EC2D000728EC /* Release */,
			);
			defaultConfigurationIsVisible = 0;
			defaultConfigurationName = Release;
		};
		13EB1FD81EA5EC2D000728EC /* Build configuration list for PBXNativeTarget "CoreImageDemo" */ = {
			isa = XCConfigurationList;
			buildConfigurations = (
				13EB1FD91EA5EC2D000728EC /* Debug */,
				13EB1FDA1EA5EC2D000728EC /* Release */,
			);
			defaultConfigurationIsVisible = 0;
		};
/* End XCConfigurationList section */
	};
	rootObject = 13EB1FBE1EA5EC2C000728EC /* Project object */;
}
